
Microsoft Visual Studio Solution File, Format Version 12.00
# Visual Studio 2013
VisualStudioVersion = 12.0.21005.1
MinimumVisualStudioVersion = 10.0.40219.1
Project("{FAE04EC0-301F-11D3-BF4B-00C04F79EFBC}") = "ConsoleApplication6", "ConsoleApplication6\ConsoleApplication6.csproj", "{AB054556-4061-4EDB-8ECB-1CD476209A96}"
EndProject
Global
	GlobalSection(SolutionConfigurationPlatforms) = preSolution
		Debug|Any CPU = Debug|Any CPU
		Release|Any CPU = Release|Any CPU
	EndGlobalSection
	GlobalSection(ProjectConfigurationPlatforms) = postSolution
		{AB054556-4061-4EDB-8ECB-1CD476209A96}.Debug|Any CPU.ActiveCfg = Debug|Any CPU
		{AB054556-4061-4EDB-8ECB-1CD476209A96}.Debug|Any CPU.Build.0 = Debug|Any CPU
		{AB054556-4061-4EDB-8ECB-1CD476209A96}.Release|Any CPU.ActiveCfg = Release|Any CPU
		{AB054556-4061-4EDB-8ECB-1CD476209A96}.Release|Any CPU.Build.0 = Release|Any CPU
	EndGlobalSection
	GlobalSection(SolutionProperties) = preSolution
		HideSolutionNode = FALSE
	EndGlobalSection
EndGlobal
